
Microsoft Visual Studio Solution File, Format Version 12.00
# Visual Studio Version 16
VisualStudioVersion = 16.0.31605.320
MinimumVisualStudioVersion = 10.0.40219.1
Project("{9A19103F-16F7-4668-BE54-9A1E7A4F7556}") = "TechnicalTask", "TechnicalTask\TechnicalTask.csproj", "{2713216A-2180-458B-83CD-EDE1D2962486}"
EndProject
Project("{9A19103F-16F7-4668-BE54-9A1E7A4F7556}") = "TechnicalTask.Data", "TechnicalTask.Data\TechnicalTask.Data.csproj", "{C20F8A8B-AF40-4392-8B85-24F8FD2B3343}"
EndProject
Project("{9A19103F-16F7-4668-BE54-9A1E7A4F7556}") = "TechnicalTask.Service", "TechnicalTask.Service\TechnicalTask.Service.csproj", "{331D2102-24F6-4B63-8080-6868BE1F2FD5}"
EndProject
Project("{FAE04EC0-301F-11D3-BF4B-00C04F79EFBC}") = "TechnicalTask.UnitTest", "TechnicalTask.UnitTest\TechnicalTask.UnitTest.csproj", "{9830CAFE-84EE-4991-A2C2-98633AA2DEA0}"
EndProject
Global
	GlobalSection(SolutionConfigurationPlatforms) = preSolution
		Debug|Any CPU = Debug|Any CPU
		Release|Any CPU = Release|Any CPU
	EndGlobalSection
	GlobalSection(ProjectConfigurationPlatforms) = postSolution
		{2713216A-2180-458B-83CD-EDE1D2962486}.Debug|Any CPU.ActiveCfg = Debug|Any CPU
		{2713216A-2180-458B-83CD-EDE1D2962486}.Debug|Any CPU.Build.0 = Debug|Any CPU
		{2713216A-2180-458B-83CD-EDE1D2962486}.Release|Any CPU.ActiveCfg = Release|Any CPU
		{2713216A-2180-458B-83CD-EDE1D2962486}.Release|Any CPU.Build.0 = Release|Any CPU
		{C20F8A8B-AF40-4392-8B85-24F8FD2B3343}.Debug|Any CPU.ActiveCfg = Debug|Any CPU
		{C20F8A8B-AF40-4392-8B85-24F8FD2B3343}.Debug|Any CPU.Build.0 = Debug|Any CPU
		{C20F8A8B-AF40-4392-8B85-24F8FD2B3343}.Release|Any CPU.ActiveCfg = Release|Any CPU
		{C20F8A8B-AF40-4392-8B85-24F8FD2B3343}.Release|Any CPU.Build.0 = Release|Any CPU
		{331D2102-24F6-4B63-8080-6868BE1F2FD5}.Debug|Any CPU.ActiveCfg = Debug|Any CPU
		{331D2102-24F6-4B63-8080-6868BE1F2FD5}.Debug|Any CPU.Build.0 = Debug|Any CPU
		{331D2102-24F6-4B63-8080-6868BE1F2FD5}.Release|Any CPU.ActiveCfg = Release|Any CPU
		{331D2102-24F6-4B63-8080-6868BE1F2FD5}.Release|Any CPU.Build.0 = Release|Any CPU
		{9830CAFE-84EE-4991-A2C2-98633AA2DEA0}.Debug|Any CPU.ActiveCfg = Debug|Any CPU
		{9830CAFE-84EE-4991-A2C2-98633AA2DEA0}.Debug|Any CPU.Build.0 = Debug|Any CPU
		{9830CAFE-84EE-4991-A2C2-98633AA2DEA0}.Release|Any CPU.ActiveCfg = Release|Any CPU
		{9830CAFE-84EE-4991-A2C2-98633AA2DEA0}.Release|Any CPU.Build.0 = Release|Any CPU
	EndGlobalSection
	GlobalSection(SolutionProperties) = preSolution
		HideSolutionNode = FALSE
	EndGlobalSection
	GlobalSection(ExtensibilityGlobals) = postSolution
		SolutionGuid = {AD388AA0-79B4-474E-B06B-7AA9AA98C115}
	EndGlobalSection
EndGlobal
